// !$*UTF8*$!
{
	archiveVersion = 1;
	classes = {
	};
	objectVersion = 56;
	objects = {

/* Begin PBXBuildFile section */
		CBAA33172AB3D795005ED7CD /* secondViewController.swift in Sources */ = {isa = PBXBuildFile; fileRef = CBAA33162AB3D795005ED7CD /* secondViewController.swift */; };
		CBB87D572AA7EC1900E0F05C /* AppDelegate.swift in Sources */ = {isa = PBXBuildFile; fileRef = CBB87D562AA7EC1900E0F05C /* AppDelegate.swift */; };
		CBB87D592AA7EC1900E0F05C /* SceneDelegate.swift in Sources */ = {isa = PBXBuildFile; fileRef = CBB87D582AA7EC1900E0F05C /* SceneDelegate.swift */; };
		CBB87D5B2AA7EC1900E0F05C /* ViewController.swift in Sources */ = {isa = PBXBuildFile; fileRef = CBB87D5A2AA7EC1900E0F05C /* ViewController.swift */; };
		CBB87D5E2AA7EC1900E0F05C /* Main.storyboard in Resources */ = {isa = PBXBuildFile; fileRef = CBB87D5C2AA7EC1900E0F05C /* Main.storyboard */; };
		CBB87D602AA7EC1A00E0F05C /* Assets.xcassets in Resources */ = {isa = PBXBuildFile; fileRef = CBB87D5F2AA7EC1A00E0F05C /* Assets.xcassets */; };
		CBB87D632AA7EC1A00E0F05C /* LaunchScreen.storyboard in Resources */ = {isa = PBXBuildFile; fileRef = CBB87D612AA7EC1A00E0F05C /* LaunchScreen.storyboard */; };
		CBB87D6E2AA7EC1A00E0F05C /* Hackwich_2Tests.swift in Sources */ = {isa = PBXBuildFile; fileRef = CBB87D6D2AA7EC1A00E0F05C /* Hackwich_2Tests.swift */; };
		CBB87D782AA7EC1A00E0F05C /* Hackwich_2UITests.swift in Sources */ = {isa = PBXBuildFile; fileRef = CBB87D772AA7EC1A00E0F05C /* Hackwich_2UITests.swift */; };
		CBB87D7A2AA7EC1A00E0F05C /* Hackwich_2UITestsLaunchTests.swift in Sources */ = {isa = PBXBuildFile; fileRef = CBB87D792AA7EC1A00E0F05C /* Hackwich_2UITestsLaunchTests.swift */; };
/* End PBXBuildFile section */

/* Begin PBXContainerItemProxy section */
		CBB87D6A2AA7EC1A00E0F05C /* PBXContainerItemProxy */ = {
			isa = PBXContainerItemProxy;
			containerPortal = CBB87D4B2AA7EC1900E0F05C /* Project object */;
			proxyType = 1;
			remoteGlobalIDString = CBB87D522AA7EC1900E0F05C;
			remoteInfo = "Hackwich 2";
		};
		CBB87D742AA7EC1A00E0F05C /* PBXContainerItemProxy */ = {
			isa = PBXContainerItemProxy;
			containerPortal = CBB87D4B2AA7EC1900E0F05C /* Project object */;
			proxyType = 1;
			remoteGlobalIDString = CBB87D522AA7EC1900E0F05C;
			remoteInfo = "Hackwich 2";
		};
/* End PBXContainerItemProxy section */

/* Begin PBXFileReference section */
		CBAA33162AB3D795005ED7CD /* secondViewController.swift */ = {isa = PBXFileReference; lastKnownFileType = sourcecode.swift; path = secondViewController.swift; sourceTree = "<group>"; };
		CBB87D532AA7EC1900E0F05C /* Hackwich 2.app */ = {isa = PBXFileReference; explicitFileType = wrapper.application; includeInIndex = 0; path = "Hackwich 2.app"; sourceTree = BUILT_PRODUCTS_DIR; };
		CBB87D562AA7EC1900E0F05C /* AppDelegate.swift */ = {isa = PBXFileReference; lastKnownFileType = sourcecode.swift; path = AppDelegate.swift; sourceTree = "<group>"; };
		CBB87D582AA7EC1900E0F05C /* SceneDelegate.swift */ = {isa = PBXFileReference; lastKnownFileType = sourcecode.swift; path = SceneDelegate.swift; sourceTree = "<group>"; };
		CBB87D5A2AA7EC1900E0F05C /* ViewController.swift */ = {isa = PBXFileReference; lastKnownFileType = sourcecode.swift; path = ViewController.swift; sourceTree = "<group>"; };
		CBB87D5D2AA7EC1900E0F05C /* Base */ = {isa = PBXFileReference; lastKnownFileType = file.storyboard; name = Base; path = Base.lproj/Main.storyboard; sourceTree = "<group>"; };
		CBB87D5F2AA7EC1A00E0F05C /* Assets.xcassets */ = {isa = PBXFileReference; lastKnownFileType = folder.assetcatalog; path = Assets.xcassets; sourceTree = "<group>"; };
		CBB87D622AA7EC1A00E0F05C /* Base */ = {isa = PBXFileReference; lastKnownFileType = file.storyboard; name = Base; path = Base.lproj/LaunchScreen.storyboard; sourceTree = "<group>"; };
		CBB87D642AA7EC1A00E0F05C /* Info.plist */ = {isa = PBXFileReference; lastKnownFileType = text.plist.xml; path = Info.plist; sourceTree = "<group>"; };
		CBB87D692AA7EC1A00E0F05C /* Hackwich 2Tests.xctest */ = {isa = PBXFileReference; explicitFileType = wrapper.cfbundle; includeInIndex = 0; path = "Hackwich 2Tests.xctest"; sourceTree = BUILT_PRODUCTS_DIR; };
		CBB87D6D2AA7EC1A00E0F05C /* Hackwich_2Tests.swift */ = {isa = PBXFileReference; lastKnownFileType = sourcecode.swift; path = Hackwich_2Tests.swift; sourceTree = "<group>"; };
		CBB87D732AA7EC1A00E0F05C /* Hackwich 2UITests.xctest */ = {isa = PBXFileReference; explicitFileType = wrapper.cfbundle; includeInIndex = 0; path = "Hackwich 2UITests.xctest"; sourceTree = BUILT_PRODUCTS_DIR; };
		CBB87D772AA7EC1A00E0F05C /* Hackwich_2UITests.swift */ = {isa = PBXFileReference; lastKnownFileType = sourcecode.swift; path = Hackwich_2UITests.swift; sourceTree = "<group>"; };
		CBB87D792AA7EC1A00E0F05C /* Hackwich_2UITestsLaunchTests.swift */ = {isa = PBXFileReference; lastKnownFileType = sourcecode.swift; path = Hackwich_2UITestsLaunchTests.swift; sourceTree = "<group>"; };
/* End PBXFileReference section */

/* Begin PBXFrameworksBuildPhase section */
		CBB87D502AA7EC1900E0F05C /* Frameworks */ = {
			isa = PBXFrameworksBuildPhase;
			buildActionMask = 2147483647;
			files = (
			);
			runOnlyForDeploymentPostprocessing = 0;
		};
		CBB87D662AA7EC1A00E0F05C /* Frameworks */ = {
			isa = PBXFrameworksBuildPhase;
			buildActionMask = 2147483647;
			files = (
			);
			runOnlyForDeploymentPostprocessing = 0;
		};
		CBB87D702AA7EC1A00E0F05C /* Frameworks */ = {
			isa = PBXFrameworksBuildPhase;
			buildActionMask = 2147483647;
			files = (
			);
			runOnlyForDeploymentPostprocessing = 0;
		};
/* End PBXFrameworksBuildPhase section */

/* Begin PBXGroup section */
		CBB87D4A2AA7EC1900E0F05C = {
			isa = PBXGroup;
			children = (
				CBB87D552AA7EC1900E0F05C /* Hackwich 2 */,
				CBB87D6C2AA7EC1A00E0F05C /* Hackwich 2Tests */,
				CBB87D762AA7EC1A00E0F05C /* Hackwich 2UITests */,
				CBB87D542AA7EC1900E0F05C /* Products */,
			);
			sourceTree = "<group>";
		};
		CBB87D542AA7EC1900E0F05C /* Products */ = {
			isa = PBXGroup;
			children = (
				CBB87D532AA7EC1900E0F05C /* Hackwich 2.app */,
				CBB87D692AA7EC1A00E0F05C /* Hackwich 2Tests.xctest */,
				CBB87D732AA7EC1A00E0F05C /* Hackwich 2UITests.xctest */,
			);
			name = Products;
			sourceTree = "<group>";
		};
		CBB87D552AA7EC1900E0F05C /* Hackwich 2 */ = {
			isa = PBXGroup;
			children = (
				CBB87D562AA7EC1900E0F05C /* AppDelegate.swift */,
				CBB87D582AA7EC1900E0F05C /* SceneDelegate.swift */,
				CBB87D5A2AA7EC1900E0F05C /* ViewController.swift */,
				CBB87D5C2AA7EC1900E0F05C /* Main.storyboard */,
				CBAA33162AB3D795005ED7CD /* secondViewController.swift */,
				CBB87D5F2AA7EC1A00E0F05C /* Assets.xcassets */,
				CBB87D612AA7EC1A00E0F05C /* LaunchScreen.storyboard */,
				CBB87D642AA7EC1A00E0F05C /* Info.plist */,
			);
			path = "Hackwich 2";
			sourceTree = "<group>";
		};
		CBB87D6C2AA7EC1A00E0F05C /* Hackwich 2Tests */ = {
			isa = PBXGroup;
			children = (
				CBB87D6D2AA7EC1A00E0F05C /* Hackwich_2Tests.swift */,
			);
			path = "Hackwich 2Tests";
			sourceTree = "<group>";
		};
		CBB87D762AA7EC1A00E0F05C /* Hackwich 2UITests */ = {
			isa = PBXGroup;
			children = (
				CBB87D772AA7EC1A00E0F05C /* Hackwich_2UITests.swift */,
				CBB87D792AA7EC1A00E0F05C /* Hackwich_2UITestsLaunchTests.swift */,
			);
			path = "Hackwich 2UITests";
			sourceTree = "<group>";
		};
/* End PBXGroup section */

/* Begin PBXNativeTarget section */
		CBB87D522AA7EC1900E0F05C /* Hackwich 2 */ = {
			isa = PBXNativeTarget;
			buildConfigurationList = CBB87D7D2AA7EC1A00E0F05C /* Build configuration list for PBXNativeTarget "Hackwich 2" */;
			buildPhases = (
				CBB87D4F2AA7EC1900E0F05C /* Sources */,
				CBB87D502AA7EC1900E0F05C /* Frameworks */,
				CBB87D512AA7EC1900E0F05C /* Resources */,
			);
			buildRules = (
			);
			dependencies = (
			);
			name = "Hackwich 2";
			productName = "Hackwich 2";
			productReference = CBB87D532AA7EC1900E0F05C /* Hackwich 2.app */;
			productType = "com.apple.product-type.application";
		};
		CBB87D682AA7EC1A00E0F05C /* Hackwich 2Tests */ = {
			isa = PBXNativeTarget;
			buildConfigurationList = CBB87D802AA7EC1A00E0F05C /* Build configuration list for PBXNativeTarget "Hackwich 2Tests" */;
			buildPhases = (
				CBB87D652AA7EC1A00E0F05C /* Sources */,
				CBB87D662AA7EC1A00E0F05C /* Frameworks */,
				CBB87D672AA7EC1A00E0F05C /* Resources */,
			);
			buildRules = (
			);
			dependencies = (
				CBB87D6B2AA7EC1A00E0F05C /* PBXTargetDependency */,
			);
			name = "Hackwich 2Tests";
			productName = "Hackwich 2Tests";
			productReference = CBB87D692AA7EC1A00E0F05C /* Hackwich 2Tests.xctest */;
			productType = "com.apple.product-type.bundle.unit-test";
		};
		CBB87D722AA7EC1A00E0F05C /* Hackwich 2UITests */ = {
			isa = PBXNativeTarget;
			buildConfigurationList = CBB87D832AA7EC1A00E0F05C /* Build configuration list for PBXNativeTarget "Hackwich 2UITests" */;
			buildPhases = (
				CBB87D6F2AA7EC1A00E0F05C /* Sources */,
				CBB87D702AA7EC1A00E0F05C /* Frameworks */,
				CBB87D712AA7EC1A00E0F05C /* Resources */,
			);
			buildRules = (
			);
			dependencies = (
				CBB87D752AA7EC1A00E0F05C /* PBXTargetDependency */,
			);
			name = "Hackwich 2UITests";
			productName = "Hackwich 2UITests";
			productReference = CBB87D732AA7EC1A00E0F05C /* Hackwich 2UITests.xctest */;
			productType = "com.apple.product-type.bundle.ui-testing";
		};
/* End PBXNativeTarget section */

/* Begin PBXProject section */
		CBB87D4B2AA7EC1900E0F05C /* Project object */ = {
			isa = PBXProject;
			attributes = {
				BuildIndependentTargetsInParallel = 1;
				LastSwiftUpdateCheck = 1430;
				LastUpgradeCheck = 1430;
				TargetAttributes = {
					CBB87D522AA7EC1900E0F05C = {
						CreatedOnToolsVersion = 14.3.1;
					};
					CBB87D682AA7EC1A00E0F05C = {
						CreatedOnToolsVersion = 14.3.1;
						TestTargetID = CBB87D522AA7EC1900E0F05C;
					};
					CBB87D722AA7EC1A00E0F05C = {
						CreatedOnToolsVersion = 14.3.1;
						TestTargetID = CBB87D522AA7EC1900E0F05C;
					};
				};
			};
			buildConfigurationList = CBB87D4E2AA7EC1900E0F05C /* Build configuration list for PBXProject "Hackwich 2" */;
			compatibilityVersion = "Xcode 14.0";
			developmentRegion = en;
			hasScannedForEncodings = 0;
			knownRegions = (
				en,
				Base,
			);
			mainGroup = CBB87D4A2AA7EC1900E0F05C;
			productRefGroup = CBB87D542AA7EC1900E0F05C /* Products */;
			projectDirPath = "";
			projectRoot = "";
			targets = (
				CBB87D522AA7EC1900E0F05C /* Hackwich 2 */,
				CBB87D682AA7EC1A00E0F05C /* Hackwich 2Tests */,
				CBB87D722AA7EC1A00E0F05C /* Hackwich 2UITests */,
			);
		};
/* End PBXProject section */

/* Begin PBXResourcesBuildPhase section */
		CBB87D512AA7EC1900E0F05C /* Resources */ = {
			isa = PBXResourcesBuildPhase;
			buildActionMask = 2147483647;
			files = (
				CBB87D632AA7EC1A00E0F05C /* LaunchScreen.storyboard in Resources */,
				CBB87D602AA7EC1A00E0F05C /* Assets.xcassets in Resources */,
				CBB87D5E2AA7EC1900E0F05C /* Main.storyboard in Resources */,
			);
			runOnlyForDeploymentPostprocessing = 0;
		};
		CBB87D672AA7EC1A00E0F05C /* Resources */ = {
			isa = PBXResourcesBuildPhase;
			buildActionMask = 2147483647;
			files = (
			);
			runOnlyForDeploymentPostprocessing = 0;
		};
		CBB87D712AA7EC1A00E0F05C /* Resources */ = {
			isa = PBXResourcesBuildPhase;
			buildActionMask = 2147483647;
			files = (
			);
			runOnlyForDeploymentPostprocessing = 0;
		};
/* End PBXResourcesBuildPhase section */

/* Begin PBXSourcesBuildPhase section */
		CBB87D4F2AA7EC1900E0F05C /* Sources */ = {
			isa = PBXSourcesBuildPhase;
			buildActionMask = 2147483647;
			files = (
				CBAA33172AB3D795005ED7CD /* secondViewController.swift in Sources */,
				CBB87D5B2AA7EC1900E0F05C /* ViewController.swift in Sources */,
				CBB87D572AA7EC1900E0F05C /* AppDelegate.swift in Sources */,
				CBB87D592AA7EC1900E0F05C /* SceneDelegate.swift in Sources */,
			);
			runOnlyForDeploymentPostprocessing = 0;
		};
		CBB87D652AA7EC1A00E0F05C /* Sources */ = {
			isa = PBXSourcesBuildPhase;
			buildActionMask = 2147483647;
			files = (
				CBB87D6E2AA7EC1A00E0F05C /* Hackwich_2Tests.swift in Sources */,
			);
			runOnlyForDeploymentPostprocessing = 0;
		};
		CBB87D6F2AA7EC1A00E0F05C /* Sources */ = {
			isa = PBXSourcesBuildPhase;
			buildActionMask = 2147483647;
			files = (
				CBB87D782AA7EC1A00E0F05C /* Hackwich_2UITests.swift in Sources */,
				CBB87D7A2AA7EC1A00E0F05C /* Hackwich_2UITestsLaunchTests.swift in Sources */,
			);
			runOnlyForDeploymentPostprocessing = 0;
		};
/* End PBXSourcesBuildPhase section */

/* Begin PBXTargetDependency section */
		CBB87D6B2AA7EC1A00E0F05C /* PBXTargetDependency */ = {
			isa = PBXTargetDependency;
			target = CBB87D522AA7EC1900E0F05C /* Hackwich 2 */;
			targetProxy = CBB87D6A2AA7EC1A00E0F05C /* PBXContainerItemProxy */;
		};
		CBB87D752AA7EC1A00E0F05C /* PBXTargetDependency */ = {
			isa = PBXTargetDependency;
			target = CBB87D522AA7EC1900E0F05C /* Hackwich 2 */;
			targetProxy = CBB87D742AA7EC1A00E0F05C /* PBXContainerItemProxy */;
		};
/* End PBXTargetDependency section */

/* Begin PBXVariantGroup section */
		CBB87D5C2AA7EC1900E0F05C /* Main.storyboard */ = {
			isa = PBXVariantGroup;
			children = (
				CBB87D5D2AA7EC1900E0F05C /* Base */,
			);
			name = Main.storyboard;
			sourceTree = "<group>";
		};
		CBB87D612AA7EC1A00E0F05C /* LaunchScreen.storyboard */ = {
			isa = PBXVariantGroup;
			children = (
				CBB87D622AA7EC1A00E0F05C /* Base */,
			);
			name = LaunchScreen.storyboard;
			sourceTree = "<group>";
		};
/* End PBXVariantGroup section */

/* Begin XCBuildConfiguration section */
		CBB87D7B2AA7EC1A00E0F05C /* Debug */ = {
			isa = XCBuildConfiguration;
			buildSettings = {
				ALWAYS_SEARCH_USER_PATHS = NO;
				CLANG_ANALYZER_NONNULL = YES;
				CLANG_ANALYZER_NUMBER_OBJECT_CONVERSION = YES_AGGRESSIVE;
				CLANG_CXX_LANGUAGE_STANDARD = "gnu++20";
				CLANG_ENABLE_MODULES = YES;
				CLANG_ENABLE_OBJC_ARC = YES;
				CLANG_ENABLE_OBJC_WEAK = YES;
				CLANG_WARN_BLOCK_CAPTURE_AUTORELEASING = YES;
				CLANG_WARN_BOOL_CONVERSION = YES;
				CLANG_WARN_COMMA = YES;
				CLANG_WARN_CONSTANT_CONVERSION = YES;
				CLANG_WARN_DEPRECATED_OBJC_IMPLEMENTATIONS = YES;
				CLANG_WARN_DIRECT_OBJC_ISA_USAGE = YES_ERROR;
				CLANG_WARN_DOCUMENTATION_COMMENTS = YES;
				CLANG_WARN_EMPTY_BODY = YES;
				CLANG_WARN_ENUM_CONVERSION = YES;
				CLANG_WARN_INFINITE_RECURSION = YES;
				CLANG_WARN_INT_CONVERSION = YES;
				CLANG_WARN_NON_LITERAL_NULL_CONVERSION = YES;
				CLANG_WARN_OBJC_IMPLICIT_RETAIN_SELF = YES;
				CLANG_WARN_OBJC_LITERAL_CONVERSION = YES;
				CLANG_WARN_OBJC_ROOT_CLASS = YES_ERROR;
				CLANG_WARN_QUOTED_INCLUDE_IN_FRAMEWORK_HEADER = YES;
				CLANG_WARN_RANGE_LOOP_ANALYSIS = YES;
				CLANG_WARN_STRICT_PROTOTYPES = YES;
				CLANG_WARN_SUSPICIOUS_MOVE = YES;
				CLANG_WARN_UNGUARDED_AVAILABILITY = YES_AGGRESSIVE;
				CLANG_WARN_UNREACHABLE_CODE = YES;
				CLANG_WARN__DUPLICATE_METHOD_MATCH = YES;
				COPY_PHASE_STRIP = NO;
				DEBUG_INFORMATION_FORMAT = dwarf;
				ENABLE_STRICT_OBJC_MSGSEND = YES;
				ENABLE_TESTABILITY = YES;
				GCC_C_LANGUAGE_STANDARD = gnu11;
				GCC_DYNAMIC_NO_PIC = NO;
				GCC_NO_COMMON_BLOCKS = YES;
				GCC_OPTIMIZATION_LEVEL = 0;
				GCC_PREPROCESSOR_DEFINITIONS = (
					"DEBUG=1",
					"$(inherited)",
				);
				GCC_WARN_64_TO_32_BIT_CONVERSION = YES;
				GCC_WARN_ABOUT_RETURN_TYPE = YES_ERROR;
				GCC_WARN_UNDECLARED_SELECTOR = YES;
				GCC_WARN_UNINITIALIZED_AUTOS = YES_AGGRESSIVE;
				GCC_WARN_UNUSED_FUNCTION = YES;
				GCC_WARN_UNUSED_VARIABLE = YES;
				IPHONEOS_DEPLOYMENT_TARGET = 16.4;
				MTL_ENABLE_DEBUG_INFO = INCLUDE_SOURCE;
				MTL_FAST_MATH = YES;
				ONLY_ACTIVE_ARCH = YES;
				SDKROOT = iphoneos;
				SWIFT_ACTIVE_COMPILATION_CONDITIONS = DEBUG;
				SWIFT_OPTIMIZATION_LEVEL = "-Onone";
			};
			name = Debug;
		};
		CBB87D7C2AA7EC1A00E0F05C /* Release */ = {
			isa = XCBuildConfiguration;
			buildSettings = {
				ALWAYS_SEARCH_USER_PATHS = NO;
				CLANG_ANALYZER_NONNULL = YES;
				CLANG_ANALYZER_NUMBER_OBJECT_CONVERSION = YES_AGGRESSIVE;
				CLANG_CXX_LANGUAGE_STANDARD = "gnu++20";
				CLANG_ENABLE_MODULES = YES;
				CLANG_ENABLE_OBJC_ARC = YES;
				CLANG_ENABLE_OBJC_WEAK = YES;
				CLANG_WARN_BLOCK_CAPTURE_AUTORELEASING = YES;
				CLANG_WARN_BOOL_CONVERSION = YES;
				CLANG_WARN_COMMA = YES;
				CLANG_WARN_CONSTANT_CONVERSION = YES;
				CLANG_WARN_DEPRECATED_OBJC_IMPLEMENTATIONS = YES;
				CLANG_WARN_DIRECT_OBJC_ISA_USAGE = YES_ERROR;
				CLANG_WARN_DOCUMENTATION_COMMENTS = YES;
				CLANG_WARN_EMPTY_BODY = YES;
				CLANG_WARN_ENUM_CONVERSION = YES;
				CLANG_WARN_INFINITE_RECURSION = YES;
				CLANG_WARN_INT_CONVERSION = YES;
				CLANG_WARN_NON_LITERAL_NULL_CONVERSION = YES;
				CLANG_WARN_OBJC_IMPLICIT_RETAIN_SELF = YES;
				CLANG_WARN_OBJC_LITERAL_CONVERSION = YES;
				CLANG_WARN_OBJC_ROOT_CLASS = YES_ERROR;
				CLANG_WARN_QUOTED_INCLUDE_IN_FRAMEWORK_HEADER = YES;
				CLANG_WARN_RANGE_LOOP_ANALYSIS = YES;
				CLANG_WARN_STRICT_PROTOTYPES = YES;
				CLANG_WARN_SUSPICIOUS_MOVE = YES;
				CLANG_WARN_UNGUARDED_AVAILABILITY = YES_AGGRESSIVE;
				CLANG_WARN_UNREACHABLE_CODE = YES;
				CLANG_WARN__DUPLICATE_METHOD_MATCH = YES;
				COPY_PHASE_STRIP = NO;
				DEBUG_INFORMATION_FORMAT = "dwarf-with-dsym";
				ENABLE_NS_ASSERTIONS = NO;
				ENABLE_STRICT_OBJC_MSGSEND = YES;
				GCC_C_LANGUAGE_STANDARD = gnu11;
				GCC_NO_COMMON_BLOCKS = YES;
				GCC_WARN_64_TO_32_BIT_CONVERSION = YES;
				GCC_WARN_ABOUT_RETURN_TYPE = YES_ERROR;
				GCC_WARN_UNDECLARED_SELECTOR = YES;
				GCC_WARN_UNINITIALIZED_AUTOS = YES_AGGRESSIVE;
				GCC_WARN_UNUSED_FUNCTION = YES;
				GCC_WARN_UNUSED_VARIABLE = YES;
				IPHONEOS_DEPLOYMENT_TARGET = 16.4;
				MTL_ENABLE_DEBUG_INFO = NO;
				MTL_FAST_MATH = YES;
				SDKROOT = iphoneos;
				SWIFT_COMPILATION_MODE = wholemodule;
				SWIFT_OPTIMIZATION_LEVEL = "-O";
				VALIDATE_PRODUCT = YES;
			};
			name = Release;
		};
		CBB87D7E2AA7EC1A00E0F05C /* Debug */ = {
			isa = XCBuildConfiguration;
			buildSettings = {
				ASSETCATALOG_COMPILER_APPICON_NAME = AppIcon;
				ASSETCATALOG_COMPILER_GLOBAL_ACCENT_COLOR_NAME = AccentColor;
				CODE_SIGN_STYLE = Automatic;
				CURRENT_PROJECT_VERSION = 1;
				DEVELOPMENT_TEAM = 249P9RJZMV;
				GENERATE_INFOPLIST_FILE = YES;
				INFOPLIST_FILE = "Hackwich 2/Info.plist";
				INFOPLIST_KEY_UIApplicationSupportsIndirectInputEvents = YES;
				INFOPLIST_KEY_UILaunchStoryboardName = LaunchScreen;
				INFOPLIST_KEY_UIMainStoryboardFile = Main;
				INFOPLIST_KEY_UISupportedInterfaceOrientations_iPad = "UIInterfaceOrientationPortrait UIInterfaceOrientationPortraitUpsideDown UIInterfaceOrientationLandscapeLeft UIInterfaceOrientationLandscapeRight";
				INFOPLIST_KEY_UISupportedInterfaceOrientations_iPhone = "UIInterfaceOrientationPortrait UIInterfaceOrientationLandscapeLeft UIInterfaceOrientationLandscapeRight";
				LD_RUNPATH_SEARCH_PATHS = (
					"$(inherited)",
					"@executable_path/Frameworks",
				);
				MARKETING_VERSION = 1.0;
				PRODUCT_BUNDLE_IDENTIFIER = "UHWO.Hackwich-2";
				PRODUCT_NAME = "$(TARGET_NAME)";
				SWIFT_EMIT_LOC_STRINGS = YES;
				SWIFT_VERSION = 5.0;
				TARGETED_DEVICE_FAMILY = "1,2";
			};
			name = Debug;
		};
		CBB87D7F2AA7EC1A00E0F05C /* Release */ = {
			isa = XCBuildConfiguration;
			buildSettings = {
				ASSETCATALOG_COMPILER_APPICON_NAME = AppIcon;
				ASSETCATALOG_COMPILER_GLOBAL_ACCENT_COLOR_NAME = AccentColor;
				CODE_SIGN_STYLE = Automatic;
				CURRENT_PROJECT_VERSION = 1;
				DEVELOPMENT_TEAM = 249P9RJZMV;
				GENERATE_INFOPLIST_FILE = YES;
				INFOPLIST_FILE = "Hackwich 2/Info.plist";
				INFOPLIST_KEY_UIApplicationSupportsIndirectInputEvents = YES;
				INFOPLIST_KEY_UILaunchStoryboardName = LaunchScreen;
				INFOPLIST_KEY_UIMainStoryboardFile = Main;
				INFOPLIST_KEY_UISupportedInterfaceOrientations_iPad = "UIInterfaceOrientationPortrait UIInterfaceOrientationPortraitUpsideDown UIInterfaceOrientationLandscapeLeft UIInterfaceOrientationLandscapeRight";
				INFOPLIST_KEY_UISupportedInterfaceOrientations_iPhone = "UIInterfaceOrientationPortrait UIInterfaceOrientationLandscapeLeft UIInterfaceOrientationLandscapeRight";
				LD_RUNPATH_SEARCH_PATHS = (
					"$(inherited)",
					"@executable_path/Frameworks",
				);
				MARKETING_VERSION = 1.0;
				PRODUCT_BUNDLE_IDENTIFIER = "UHWO.Hackwich-2";
				PRODUCT_NAME = "$(TARGET_NAME)";
				SWIFT_EMIT_LOC_STRINGS = YES;
				SWIFT_VERSION = 5.0;
				TARGETED_DEVICE_FAMILY = "1,2";
			};
			name = Release;
		};
		CBB87D812AA7EC1A00E0F05C /* Debug */ = {
			isa = XCBuildConfiguration;
			buildSettings = {
				ALWAYS_EMBED_SWIFT_STANDARD_LIBRARIES = YES;
				BUNDLE_LOADER = "$(TEST_HOST)";
				CODE_SIGN_STYLE = Automatic;
				CURRENT_PROJECT_VERSION = 1;
				DEVELOPMENT_TEAM = 249P9RJZMV;
				GENERATE_INFOPLIST_FILE = YES;
				IPHONEOS_DEPLOYMENT_TARGET = 16.4;
				MARKETING_VERSION = 1.0;
				PRODUCT_BUNDLE_IDENTIFIER = "UHWO.Hackwich-2Tests";
				PRODUCT_NAME = "$(TARGET_NAME)";
				SWIFT_EMIT_LOC_STRINGS = NO;
				SWIFT_VERSION = 5.0;
				TARGETED_DEVICE_FAMILY = "1,2";
				TEST_HOST = "$(BUILT_PRODUCTS_DIR)/Hackwich 2.app/$(BUNDLE_EXECUTABLE_FOLDER_PATH)/Hackwich 2";
			};
			name = Debug;
		};
		CBB87D822AA7EC1A00E0F05C /* Release */ = {
			isa = XCBuildConfiguration;
			buildSettings = {
				ALWAYS_EMBED_SWIFT_STANDARD_LIBRARIES = YES;
				BUNDLE_LOADER = "$(TEST_HOST)";
				CODE_SIGN_STYLE = Automatic;
				CURRENT_PROJECT_VERSION = 1;
				DEVELOPMENT_TEAM = 249P9RJZMV;
				GENERATE_INFOPLIST_FILE = YES;
				IPHONEOS_DEPLOYMENT_TARGET = 16.4;
				MARKETING_VERSION = 1.0;
				PRODUCT_BUNDLE_IDENTIFIER = "UHWO.Hackwich-2Tests";
				PRODUCT_NAME = "$(TARGET_NAME)";
				SWIFT_EMIT_LOC_STRINGS = NO;
				SWIFT_VERSION = 5.0;
				TARGETED_DEVICE_FAMILY = "1,2";
				TEST_HOST = "$(BUILT_PRODUCTS_DIR)/Hackwich 2.app/$(BUNDLE_EXECUTABLE_FOLDER_PATH)/Hackwich 2";
			};
			name = Release;
		};
		CBB87D842AA7EC1A00E0F05C /* Debug */ = {
			isa = XCBuildConfiguration;
			buildSettings = {
				ALWAYS_EMBED_SWIFT_STANDARD_LIBRARIES = YES;
				CODE_SIGN_STYLE = Automatic;
				CURRENT_PROJECT_VERSION = 1;
				DEVELOPMENT_TEAM = 249P9RJZMV;
				GENERATE_INFOPLIST_FILE = YES;
				MARKETING_VERSION = 1.0;
				PRODUCT_BUNDLE_IDENTIFIER = "UHWO.Hackwich-2UITests";
				PRODUCT_NAME = "$(TARGET_NAME)";
				SWIFT_EMIT_LOC_STRINGS = NO;
				SWIFT_VERSION = 5.0;
				TARGETED_DEVICE_FAMILY = "1,2";
				TEST_TARGET_NAME = "Hackwich 2";
			};
			name = Debug;
		};
		CBB87D852AA7EC1A00E0F05C /* Release */ = {
			isa = XCBuildConfiguration;
			buildSettings = {
				ALWAYS_EMBED_SWIFT_STANDARD_LIBRARIES = YES;
				CODE_SIGN_STYLE = Automatic;
				CURRENT_PROJECT_VERSION = 1;
				DEVELOPMENT_TEAM = 249P9RJZMV;
				GENERATE_INFOPLIST_FILE = YES;
				MARKETING_VERSION = 1.0;
				PRODUCT_BUNDLE_IDENTIFIER = "UHWO.Hackwich-2UITests";
				PRODUCT_NAME = "$(TARGET_NAME)";
				SWIFT_EMIT_LOC_STRINGS = NO;
				SWIFT_VERSION = 5.0;
				TARGETED_DEVICE_FAMILY = "1,2";
				TEST_TARGET_NAME = "Hackwich 2";
			};
			name = Release;
		};
/* End XCBuildConfiguration section */

/* Begin XCConfigurationList section */
		CBB87D4E2AA7EC1900E0F05C /* Build configuration list for PBXProject "Hackwich 2" */ = {
			isa = XCConfigurationList;
			buildConfigurations = (
				CBB87D7B2AA7EC1A00E0F05C /* Debug */,
				CBB87D7C2AA7EC1A00E0F05C /* Release */,
			);
			defaultConfigurationIsVisible = 0;
			defaultConfigurationName = Release;
		};
		CBB87D7D2AA7EC1A00E0F05C /* Build configuration list for PBXNativeTarget "Hackwich 2" */ = {
			isa = XCConfigurationList;
			buildConfigurations = (
				CBB87D7E2AA7EC1A00E0F05C /* Debug */,
				CBB87D7F2AA7EC1A00E0F05C /* Release */,
			);
			defaultConfigurationIsVisible = 0;
			defaultConfigurationName = Release;
		};
		CBB87D802AA7EC1A00E0F05C /* Build configuration list for PBXNativeTarget "Hackwich 2Tests" */ = {
			isa = XCConfigurationList;
			buildConfigurations = (
				CBB87D812AA7EC1A00E0F05C /* Debug */,
				CBB87D822AA7EC1A00E0F05C /* Release */,
			);
			defaultConfigurationIsVisible = 0;
			defaultConfigurationName = Release;
		};
		CBB87D832AA7EC1A00E0F05C /* Build configuration list for PBXNativeTarget "Hackwich 2UITests" */ = {
			isa = XCConfigurationList;
			buildConfigurations = (
				CBB87D842AA7EC1A00E0F05C /* Debug */,
				CBB87D852AA7EC1A00E0F05C /* Release */,
			);
			defaultConfigurationIsVisible = 0;
			defaultConfigurationName = Release;
		};
/* End XCConfigurationList section */
	};
	rootObject = CBB87D4B2AA7EC1900E0F05C /* Project object */;
}
